
Microsoft Visual Studio Solution File, Format Version 12.00
# Visual Studio Version 16
VisualStudioVersion = 16.0.30804.86
MinimumVisualStudioVersion = 10.0.40219.1
Project("{FAE04EC0-301F-11D3-BF4B-00C04F79EFBC}") = "Exemplu01", "Exemplu01\Exemplu01.csproj", "{098BC7B6-CE17-4A20-8570-736A2158089A}"
EndProject
Global
	GlobalSection(SolutionConfigurationPlatforms) = preSolution
		Debug|Any CPU = Debug|Any CPU
		Release|Any CPU = Release|Any CPU
	EndGlobalSection
	GlobalSection(ProjectConfigurationPlatforms) = postSolution
		{098BC7B6-CE17-4A20-8570-736A2158089A}.Debug|Any CPU.ActiveCfg = Debug|Any CPU
		{098BC7B6-CE17-4A20-8570-736A2158089A}.Debug|Any CPU.Build.0 = Debug|Any CPU
		{098BC7B6-CE17-4A20-8570-736A2158089A}.Release|Any CPU.ActiveCfg = Release|Any CPU
		{098BC7B6-CE17-4A20-8570-736A2158089A}.Release|Any CPU.Build.0 = Release|Any CPU
	EndGlobalSection
	GlobalSection(SolutionProperties) = preSolution
		HideSolutionNode = FALSE
	EndGlobalSection
	GlobalSection(ExtensibilityGlobals) = postSolution
		SolutionGuid = {3A1F1960-94F5-4E32-A762-D400653B4044}
	EndGlobalSection
EndGlobal
