
Microsoft Visual Studio Solution File, Format Version 12.00
# Visual Studio Version 16
VisualStudioVersion = 16.0.30804.86
MinimumVisualStudioVersion = 10.0.40219.1
Project("{FAE04EC0-301F-11D3-BF4B-00C04F79EFBC}") = "TodoList", "TodoList\TodoList.csproj", "{F6F1153F-75C8-4739-88FE-8DFC86D7AE74}"
EndProject
Global
	GlobalSection(SolutionConfigurationPlatforms) = preSolution
		Debug|Any CPU = Debug|Any CPU
		Release|Any CPU = Release|Any CPU
	EndGlobalSection
	GlobalSection(ProjectConfigurationPlatforms) = postSolution
		{F6F1153F-75C8-4739-88FE-8DFC86D7AE74}.Debug|Any CPU.ActiveCfg = Debug|Any CPU
		{F6F1153F-75C8-4739-88FE-8DFC86D7AE74}.Debug|Any CPU.Build.0 = Debug|Any CPU
		{F6F1153F-75C8-4739-88FE-8DFC86D7AE74}.Release|Any CPU.ActiveCfg = Release|Any CPU
		{F6F1153F-75C8-4739-88FE-8DFC86D7AE74}.Release|Any CPU.Build.0 = Release|Any CPU
	EndGlobalSection
	GlobalSection(SolutionProperties) = preSolution
		HideSolutionNode = FALSE
	EndGlobalSection
	GlobalSection(ExtensibilityGlobals) = postSolution
		SolutionGuid = {601CD39C-AF46-48ED-8349-B103513EBDCE}
	EndGlobalSection
EndGlobal
